
Microsoft Visual Studio Solution File, Format Version 12.00
# Visual Studio 15
VisualStudioVersion = 15.0.28307.168
MinimumVisualStudioVersion = 10.0.40219.1
Project("{FAE04EC0-301F-11D3-BF4B-00C04F79EFBC}") = "BetaTestOfTheThreading", "BetaTestOfTheThreading\BetaTestOfTheThreading.csproj", "{CABB94AE-0B28-4E53-ABA6-977EA7BC9663}"
EndProject
Global
	GlobalSection(SolutionConfigurationPlatforms) = preSolution
		Debug|Any CPU = Debug|Any CPU
		Release|Any CPU = Release|Any CPU
	EndGlobalSection
	GlobalSection(ProjectConfigurationPlatforms) = postSolution
		{CABB94AE-0B28-4E53-ABA6-977EA7BC9663}.Debug|Any CPU.ActiveCfg = Debug|Any CPU
		{CABB94AE-0B28-4E53-ABA6-977EA7BC9663}.Debug|Any CPU.Build.0 = Debug|Any CPU
		{CABB94AE-0B28-4E53-ABA6-977EA7BC9663}.Release|Any CPU.ActiveCfg = Release|Any CPU
		{CABB94AE-0B28-4E53-ABA6-977EA7BC9663}.Release|Any CPU.Build.0 = Release|Any CPU
	EndGlobalSection
	GlobalSection(SolutionProperties) = preSolution
		HideSolutionNode = FALSE
	EndGlobalSection
	GlobalSection(ExtensibilityGlobals) = postSolution
		SolutionGuid = {F551A6F3-CCF0-4A26-B741-D4A8E4A93D06}
	EndGlobalSection
EndGlobal
