
Microsoft Visual Studio Solution File, Format Version 12.00
# Visual Studio 15
VisualStudioVersion = 15.0.28307.168
MinimumVisualStudioVersion = 10.0.40219.1
Project("{FAE04EC0-301F-11D3-BF4B-00C04F79EFBC}") = "Ser", "Ser\Ser.csproj", "{B27E5093-B482-49E0-87E0-7E5D4213ACDE}"
EndProject
Global
	GlobalSection(SolutionConfigurationPlatforms) = preSolution
		Debug|Any CPU = Debug|Any CPU
		Release|Any CPU = Release|Any CPU
	EndGlobalSection
	GlobalSection(ProjectConfigurationPlatforms) = postSolution
		{B27E5093-B482-49E0-87E0-7E5D4213ACDE}.Debug|Any CPU.ActiveCfg = Debug|Any CPU
		{B27E5093-B482-49E0-87E0-7E5D4213ACDE}.Debug|Any CPU.Build.0 = Debug|Any CPU
		{B27E5093-B482-49E0-87E0-7E5D4213ACDE}.Release|Any CPU.ActiveCfg = Release|Any CPU
		{B27E5093-B482-49E0-87E0-7E5D4213ACDE}.Release|Any CPU.Build.0 = Release|Any CPU
	EndGlobalSection
	GlobalSection(SolutionProperties) = preSolution
		HideSolutionNode = FALSE
	EndGlobalSection
	GlobalSection(ExtensibilityGlobals) = postSolution
		SolutionGuid = {859CCBA0-E3A3-4751-A752-8E8D8D274525}
	EndGlobalSection
EndGlobal
