
Microsoft Visual Studio Solution File, Format Version 12.00
# Visual Studio 15
VisualStudioVersion = 15.0.28307.168
MinimumVisualStudioVersion = 10.0.40219.1
Project("{FAE04EC0-301F-11D3-BF4B-00C04F79EFBC}") = "AngryBirds", "AngryBirds\AngryBirds.csproj", "{AF55E26E-76ED-42CB-A7F5-03A2D062C43C}"
EndProject
Global
	GlobalSection(SolutionConfigurationPlatforms) = preSolution
		Debug|Any CPU = Debug|Any CPU
		Release|Any CPU = Release|Any CPU
	EndGlobalSection
	GlobalSection(ProjectConfigurationPlatforms) = postSolution
		{AF55E26E-76ED-42CB-A7F5-03A2D062C43C}.Debug|Any CPU.ActiveCfg = Debug|Any CPU
		{AF55E26E-76ED-42CB-A7F5-03A2D062C43C}.Debug|Any CPU.Build.0 = Debug|Any CPU
		{AF55E26E-76ED-42CB-A7F5-03A2D062C43C}.Release|Any CPU.ActiveCfg = Release|Any CPU
		{AF55E26E-76ED-42CB-A7F5-03A2D062C43C}.Release|Any CPU.Build.0 = Release|Any CPU
	EndGlobalSection
	GlobalSection(SolutionProperties) = preSolution
		HideSolutionNode = FALSE
	EndGlobalSection
	GlobalSection(ExtensibilityGlobals) = postSolution
		SolutionGuid = {61CB1931-7594-4648-8DE1-9F2A986A9F4C}
	EndGlobalSection
EndGlobal
