
Microsoft Visual Studio Solution File, Format Version 12.00
# Visual Studio 15
VisualStudioVersion = 15.0.28307.168
MinimumVisualStudioVersion = 10.0.40219.1
Project("{FAE04EC0-301F-11D3-BF4B-00C04F79EFBC}") = "Task1", "Task1\Task1.csproj", "{EBED7F9C-EA5E-433E-A65B-1020565C13B0}"
EndProject
Global
	GlobalSection(SolutionConfigurationPlatforms) = preSolution
		Debug|Any CPU = Debug|Any CPU
		Release|Any CPU = Release|Any CPU
	EndGlobalSection
	GlobalSection(ProjectConfigurationPlatforms) = postSolution
		{EBED7F9C-EA5E-433E-A65B-1020565C13B0}.Debug|Any CPU.ActiveCfg = Debug|Any CPU
		{EBED7F9C-EA5E-433E-A65B-1020565C13B0}.Debug|Any CPU.Build.0 = Debug|Any CPU
		{EBED7F9C-EA5E-433E-A65B-1020565C13B0}.Release|Any CPU.ActiveCfg = Release|Any CPU
		{EBED7F9C-EA5E-433E-A65B-1020565C13B0}.Release|Any CPU.Build.0 = Release|Any CPU
	EndGlobalSection
	GlobalSection(SolutionProperties) = preSolution
		HideSolutionNode = FALSE
	EndGlobalSection
	GlobalSection(ExtensibilityGlobals) = postSolution
		SolutionGuid = {6537B66D-01A9-460B-BAE5-EE0434A92AAD}
	EndGlobalSection
EndGlobal
